
Microsoft Visual Studio Solution File, Format Version 12.00
# Visual Studio Version 17
VisualStudioVersion = 17.4.33213.308
MinimumVisualStudioVersion = 10.0.40219.1
Project("{FAE04EC0-301F-11D3-BF4B-00C04F79EFBC}") = "Reports", "Reports.csproj", "{77E19560-8BA2-4104-A7C8-51D5CDA08AA5}"
EndProject
Global
	GlobalSection(SolutionConfigurationPlatforms) = preSolution
		Debug|Any CPU = Debug|Any CPU
		Release|Any CPU = Release|Any CPU
	EndGlobalSection
	GlobalSection(ProjectConfigurationPlatforms) = postSolution
		{77E19560-8BA2-4104-A7C8-51D5CDA08AA5}.Debug|Any CPU.ActiveCfg = Debug|Any CPU
		{77E19560-8BA2-4104-A7C8-51D5CDA08AA5}.Debug|Any CPU.Build.0 = Debug|Any CPU
		{77E19560-8BA2-4104-A7C8-51D5CDA08AA5}.Release|Any CPU.ActiveCfg = Release|Any CPU
		{77E19560-8BA2-4104-A7C8-51D5CDA08AA5}.Release|Any CPU.Build.0 = Release|Any CPU
	EndGlobalSection
	GlobalSection(SolutionProperties) = preSolution
		HideSolutionNode = FALSE
	EndGlobalSection
	GlobalSection(ExtensibilityGlobals) = postSolution
		SolutionGuid = {BEE9152E-44BF-4885-8854-93BF93B90F2E}
	EndGlobalSection
EndGlobal
